# This file is automatically @generated by Cargo.
# It is not intended for manual editing.
version = 4

[[package]]
name = "browser-core"
version = "0.1.0"
dependencies = [
 "browser-domain",
 "engine-api",
]

[[package]]
name = "browser-domain"
version = "0.1.0"

[[package]]
name = "engine-api"
version = "0.1.0"
dependencies = [
 "browser-domain",
]

[[package]]
name = "test-support"
version = "0.1.0"
dependencies = [
 "browser-domain",
 "engine-api",
]

[[package]]
name = "xtask"
version = "0.1.0"
